
Microsoft Visual Studio Solution File, Format Version 12.00
# Visual Studio Version 17
VisualStudioVersion = 17.10.35013.160
MinimumVisualStudioVersion = 10.0.40219.1
Project("{FAE04EC0-301F-11D3-BF4B-00C04F79EFBC}") = "BengkelApplication", "BengkelApplication\BengkelApplication.csproj", "{A5EE6232-7FF4-4FD7-9E29-C2C47C391D62}"
EndProject
Global
	GlobalSection(SolutionConfigurationPlatforms) = preSolution
		Debug|Any CPU = Debug|Any CPU
		Release|Any CPU = Release|Any CPU
	EndGlobalSection
	GlobalSection(ProjectConfigurationPlatforms) = postSolution
		{A5EE6232-7FF4-4FD7-9E29-C2C47C391D62}.Debug|Any CPU.ActiveCfg = Debug|Any CPU
		{A5EE6232-7FF4-4FD7-9E29-C2C47C391D62}.Debug|Any CPU.Build.0 = Debug|Any CPU
		{A5EE6232-7FF4-4FD7-9E29-C2C47C391D62}.Release|Any CPU.ActiveCfg = Release|Any CPU
		{A5EE6232-7FF4-4FD7-9E29-C2C47C391D62}.Release|Any CPU.Build.0 = Release|Any CPU
	EndGlobalSection
	GlobalSection(SolutionProperties) = preSolution
		HideSolutionNode = FALSE
	EndGlobalSection
	GlobalSection(ExtensibilityGlobals) = postSolution
		SolutionGuid = {38183550-3694-431F-A8D5-5F45E788A78A}
	EndGlobalSection
EndGlobal
